{
  "name": "demo-game",
  "version": "1.0.0",
  "lockfileVersion": 3,
  "requires": true,
  "packages": {
    "": {
      "name": "demo-game",
      "version": "1.0.0",
      "dependencies": {
        "jsmixin": "file:../.."
      }
    },
    "../..": {
      "version": "2.1.0",
      "license": "MIT",
      "dependencies": {
        "acorn": "^8.18.0"
      },
      "bin": {
        "jsmixin": "dist/cjs/hosts/cli.js"
      },
      "devDependencies": {
        "@types/node": "^20.0.0",
        "esbuild": "^0.24.0",
        "typescript": "^5.5.0"
      },
      "engines": {
        "node": ">=18"
      }
    },
    "node_modules/jsmixin": {
      "resolved": "../..",
      "link": true
    }
  }
}
